
Microsoft Visual Studio Solution File, Format Version 12.00
# Visual Studio Version 16
VisualStudioVersion = 16.0.32106.194
MinimumVisualStudioVersion = 10.0.40219.1
Project("{FAE04EC0-301F-11D3-BF4B-00C04F79EFBC}") = "charris4Battleship", "charris4Battleship.csproj", "{200EC512-2DC5-46D6-A5D6-E099379465FB}"
EndProject
Global
	GlobalSection(SolutionConfigurationPlatforms) = preSolution
		Debug|Any CPU = Debug|Any CPU
		Release|Any CPU = Release|Any CPU
	EndGlobalSection
	GlobalSection(ProjectConfigurationPlatforms) = postSolution
		{200EC512-2DC5-46D6-A5D6-E099379465FB}.Debug|Any CPU.ActiveCfg = Debug|Any CPU
		{200EC512-2DC5-46D6-A5D6-E099379465FB}.Debug|Any CPU.Build.0 = Debug|Any CPU
		{200EC512-2DC5-46D6-A5D6-E099379465FB}.Release|Any CPU.ActiveCfg = Release|Any CPU
		{200EC512-2DC5-46D6-A5D6-E099379465FB}.Release|Any CPU.Build.0 = Release|Any CPU
	EndGlobalSection
	GlobalSection(SolutionProperties) = preSolution
		HideSolutionNode = FALSE
	EndGlobalSection
	GlobalSection(ExtensibilityGlobals) = postSolution
		SolutionGuid = {DF77628D-5407-41D0-83C1-4DA5A8C3C056}
	EndGlobalSection
EndGlobal
