
Microsoft Visual Studio Solution File, Format Version 12.00
# Visual Studio Version 17
VisualStudioVersion = 17.0.32112.339
MinimumVisualStudioVersion = 10.0.40219.1
Project("{FAE04EC0-301F-11D3-BF4B-00C04F79EFBC}") = "MineSweeper!", "MineSweeper!.csproj", "{04EAA331-D66A-44DB-8E60-F537F1A913FE}"
EndProject
Global
	GlobalSection(SolutionConfigurationPlatforms) = preSolution
		Debug|Any CPU = Debug|Any CPU
		Release|Any CPU = Release|Any CPU
	EndGlobalSection
	GlobalSection(ProjectConfigurationPlatforms) = postSolution
		{04EAA331-D66A-44DB-8E60-F537F1A913FE}.Debug|Any CPU.ActiveCfg = Debug|Any CPU
		{04EAA331-D66A-44DB-8E60-F537F1A913FE}.Debug|Any CPU.Build.0 = Debug|Any CPU
		{04EAA331-D66A-44DB-8E60-F537F1A913FE}.Release|Any CPU.ActiveCfg = Release|Any CPU
		{04EAA331-D66A-44DB-8E60-F537F1A913FE}.Release|Any CPU.Build.0 = Release|Any CPU
	EndGlobalSection
	GlobalSection(SolutionProperties) = preSolution
		HideSolutionNode = FALSE
	EndGlobalSection
	GlobalSection(ExtensibilityGlobals) = postSolution
		SolutionGuid = {5E30955F-7CAB-4CD4-856E-6CDFE0E09F8E}
	EndGlobalSection
EndGlobal
